<?xml version="1.0" encoding="utf-8"?>
<Project ToolsVersion="4.0" xmlns="http://schemas.microsoft.com/developer/msbuild/2003">
  <ItemGroup>
    <Filter Include="Source Files">
      <UniqueIdentifier>{4FC737F1-C7A5-4376-A066-2A32D752A2FF}</UniqueIdentifier>
      <Extensions>cpp;c;cc;cxx;c++;cppm;ixx;def;odl;idl;hpj;bat;asm;asmx</Extensions>
    </Filter>
    <Filter Include="Header Files">
      <UniqueIdentifier>{93995380-89BD-4b04-88EB-625FBE52EBFB}</UniqueIdentifier>
      <Extensions>h;hh;hpp;hxx;h++;hm;inl;inc;ipp;xsd</Extensions>
    </Filter>
    <Filter Include="Resource Files">
      <UniqueIdentifier>{67DA6AB6-F800-4c08-8B7A-83BB121AAD01}</UniqueIdentifier>
      <Extensions>rc;ico;cur;bmp;dlg;rc2;rct;bin;rgs;gif;jpg;jpeg;jpe;resx;tiff;tif;png;wav;mfcribbon-ms</Extensions>
    </Filter>
    <Filter Include="Source Files\MatrixVectors">
      <UniqueIdentifier>{68a1cc4b-9e40-4813-aa67-9677c0de901d}</UniqueIdentifier>
    </Filter>
    <Filter Include="Header Files\MatrixVectors">
      <UniqueIdentifier>{751e68eb-eef3-484d-905e-0c24c32cc754}</UniqueIdentifier>
    </Filter>
  </ItemGroup>
  <ItemGroup>
    <ClCompile Include="ShaderProgram.cpp">
      <Filter>Source Files</Filter>
    </ClCompile>
    <ClCompile Include="Matrix4d.cpp">
      <Filter>Source Files\MatrixVectors</Filter>
    </ClCompile>
    <ClCompile Include="Vector3d.cpp">
      <Filter>Source Files\MatrixVectors</Filter>
    </ClCompile>
    <ClCompile Include="Vector4d.cpp">
      <Filter>Source Files\MatrixVectors</Filter>
    </ClCompile>
    <ClCompile Include="MatrixFactory.cpp">
      <Filter>Source Files\MatrixVectors</Filter>
    </ClCompile>
    <ClCompile Include="Mesh.cpp">
      <Filter>Source Files</Filter>
    </ClCompile>
    <ClCompile Include="Matrix3d.cpp">
      <Filter>Source Files\MatrixVectors</Filter>
    </ClCompile>
    <ClCompile Include="ErrorHandler.cpp">
      <Filter>Source Files</Filter>
    </ClCompile>
    <ClCompile Include="Vector2d.cpp">
      <Filter>Source Files\MatrixVectors</Filter>
    </ClCompile>
    <ClCompile Include="Matrix2d.cpp">
      <Filter>Source Files\MatrixVectors</Filter>
    </ClCompile>
    <ClCompile Include="util.cpp">
      <Filter>Source Files\MatrixVectors</Filter>
    </ClCompile>
    <ClCompile Include="Camera.cpp">
      <Filter>Source Files</Filter>
    </ClCompile>
    <ClCompile Include="Quaternion.cpp">
      <Filter>Source Files</Filter>
    </ClCompile>
    <ClCompile Include="SceneGraph.cpp">
      <Filter>Source Files</Filter>
    </ClCompile>
    <ClCompile Include="SceneNode.cpp">
      <Filter>Source Files</Filter>
    </ClCompile>
    <ClCompile Include="Main.cpp">
      <Filter>Source Files</Filter>
    </ClCompile>
    <ClCompile Include="Texture.cpp">
      <Filter>Source Files</Filter>
    </ClCompile>
    <ClCompile Include="Texture2D.cpp">
      <Filter>Source Files</Filter>
    </ClCompile>
    <ClCompile Include="TextureInfo.cpp">
      <Filter>Source Files</Filter>
    </ClCompile>
    <ClCompile Include="OutlineSceneNode.cpp">
      <Filter>Source Files</Filter>
    </ClCompile>
    <ClCompile Include="Noise.cpp">
      <Filter>Source Files</Filter>
    </ClCompile>
    <ClCompile Include="Texture3D.cpp">
      <Filter>Source Files</Filter>
    </ClCompile>
  </ItemGroup>
  <ItemGroup>
    <ClInclude Include="ShaderProgram.h">
      <Filter>Header Files</Filter>
    </ClInclude>
    <ClInclude Include="GLStatics.h">
      <Filter>Header Files</Filter>
    </ClInclude>
    <ClInclude Include="Matrix4d.h">
      <Filter>Header Files\MatrixVectors</Filter>
    </ClInclude>
    <ClInclude Include="Vector3d.h">
      <Filter>Header Files\MatrixVectors</Filter>
    </ClInclude>
    <ClInclude Include="Vector4d.h">
      <Filter>Header Files\MatrixVectors</Filter>
    </ClInclude>
    <ClInclude Include="MatrixFactory.h">
      <Filter>Header Files\MatrixVectors</Filter>
    </ClInclude>
    <ClInclude Include="Mesh.h">
      <Filter>Header Files</Filter>
    </ClInclude>
    <ClInclude Include="Matrix3d.h">
      <Filter>Header Files\MatrixVectors</Filter>
    </ClInclude>
    <ClInclude Include="ErrorHandler.h">
      <Filter>Header Files</Filter>
    </ClInclude>
    <ClInclude Include="Matrix2d.h">
      <Filter>Header Files\MatrixVectors</Filter>
    </ClInclude>
    <ClInclude Include="Vector2d.h">
      <Filter>Header Files\MatrixVectors</Filter>
    </ClInclude>
    <ClInclude Include="util.h">
      <Filter>Header Files\MatrixVectors</Filter>
    </ClInclude>
    <ClInclude Include="Camera.h">
      <Filter>Header Files</Filter>
    </ClInclude>
    <ClInclude Include="Quaternion.h">
      <Filter>Header Files</Filter>
    </ClInclude>
    <ClInclude Include="SceneGraph.h">
      <Filter>Header Files</Filter>
    </ClInclude>
    <ClInclude Include="SceneNode.h">
      <Filter>Header Files</Filter>
    </ClInclude>
    <ClInclude Include="Manager.h">
      <Filter>Header Files</Filter>
    </ClInclude>
    <ClInclude Include="Texture.h">
      <Filter>Header Files</Filter>
    </ClInclude>
    <ClInclude Include="Texture2D.h">
      <Filter>Header Files</Filter>
    </ClInclude>
    <ClInclude Include="TextureInfo.h">
      <Filter>Header Files</Filter>
    </ClInclude>
    <ClInclude Include="OutlineSceneNode.h">
      <Filter>Header Files</Filter>
    </ClInclude>
    <ClInclude Include="Noise.h">
      <Filter>Header Files</Filter>
    </ClInclude>
    <ClInclude Include="Perlin.h">
      <Filter>Header Files</Filter>
    </ClInclude>
    <ClInclude Include="Texture3D.h">
      <Filter>Header Files</Filter>
    </ClInclude>
  </ItemGroup>
  <ItemGroup>
    <None Include="..\Resources\fragmentShader.glsl">
      <Filter>Resource Files</Filter>
    </None>
    <None Include="..\Resources\vertexShader.glsl">
      <Filter>Resource Files</Filter>
    </None>
    <None Include="..\Resources\texture_vs.glsl">
      <Filter>Resource Files</Filter>
    </None>
    <None Include="..\Resources\MarbleFS.glsl">
      <Filter>Resource Files</Filter>
    </None>
    <None Include="..\Resources\MarbleFS_3D.glsl">
      <Filter>Resource Files</Filter>
    </None>
    <None Include="..\Resources\MarbleFS_Normal.glsl">
      <Filter>Resource Files</Filter>
    </None>
    <None Include="..\Resources\MarbleVS.glsl">
      <Filter>Resource Files</Filter>
    </None>
    <None Include="..\Resources\GraniteFS_3D.glsl">
      <Filter>Resource Files</Filter>
    </None>
    <None Include="..\Resources\GraniteFS.glsl">
      <Filter>Resource Files</Filter>
    </None>
    <None Include="..\Resources\Marble.glsl">
      <Filter>Resource Files</Filter>
    </None>
    <None Include="..\Resources\MarbleFS_HL.glsl">
      <Filter>Resource Files</Filter>
    </None>
    <None Include="..\Resources\GraniteFS_Light.glsl">
      <Filter>Resource Files</Filter>
    </None>
    <None Include="..\Resources\Menu_FS.glsl">
      <Filter>Resource Files</Filter>
    </None>
  </ItemGroup>
</Project>